
Microsoft Visual Studio Solution File, Format Version 12.00
# Visual Studio Version 17
VisualStudioVersion = 17.13.35806.99 d17.13
MinimumVisualStudioVersion = 10.0.40219.1
Project("{FAE04EC0-301F-11D3-BF4B-00C04F79EFBC}") = "CheckYourDirectory", "CheckYourDirectory.csproj", "{7C733F27-53BE-4016-9821-FB8D865D20D1}"
EndProject
Global
	GlobalSection(SolutionConfigurationPlatforms) = preSolution
		Debug|Any CPU = Debug|Any CPU
		Release|Any CPU = Release|Any CPU
	EndGlobalSection
	GlobalSection(ProjectConfigurationPlatforms) = postSolution
		{7C733F27-53BE-4016-9821-FB8D865D20D1}.Debug|Any CPU.ActiveCfg = Debug|Any CPU
		{7C733F27-53BE-4016-9821-FB8D865D20D1}.Debug|Any CPU.Build.0 = Debug|Any CPU
		{7C733F27-53BE-4016-9821-FB8D865D20D1}.Release|Any CPU.ActiveCfg = Release|Any CPU
		{7C733F27-53BE-4016-9821-FB8D865D20D1}.Release|Any CPU.Build.0 = Release|Any CPU
	EndGlobalSection
	GlobalSection(SolutionProperties) = preSolution
		HideSolutionNode = FALSE
	EndGlobalSection
	GlobalSection(ExtensibilityGlobals) = postSolution
		SolutionGuid = {0B09628D-302A-4667-9063-26316DF01DD3}
	EndGlobalSection
EndGlobal
